<Solution>
  <Folder Name="/src/">
    <Project Path="src/backend/FuelControl.Contracts/FuelControl.Contracts.csproj" />
    <Project Path="src/backend/FuelControl.Core/FuelControl.Core.csproj" />
    <Project Path="src/backend/FuelControl.Api/FuelControl.Api.csproj" />
    <Project Path="src/frontend/desktop/FuelControl.Desktop/FuelControl.Desktop.csproj" />
    <Project Path="src/frontend/web/FuelControl.Web/FuelControl.Web.esproj">
      <Build />
      <Deploy />
    </Project>
  </Folder>
  <Folder Name="/tests/">
    <Project Path="tests/FuelControl.Api.Tests/FuelControl.Api.Tests.csproj" />
    <Project Path="tests/FuelControl.Core.Tests/FuelControl.Core.Tests.csproj" />
  </Folder>
</Solution>
